<?xml version="1.0" encoding="utf-8"?>
<Project ToolsVersion="4.0" xmlns="http://schemas.microsoft.com/developer/msbuild/2003">
  <ItemGroup>
    <Filter Include="Engine Code">
      <UniqueIdentifier>{4c3bbf9c-a0c8-47c7-be78-fbaa5a664825}</UniqueIdentifier>
    </Filter>
    <Filter Include="Engine Code\Starting and Loading">
      <UniqueIdentifier>{2fe600b7-773b-42fa-81c2-588156898c64}</UniqueIdentifier>
    </Filter>
    <Filter Include="3rd party">
      <UniqueIdentifier>{2bb3e2bb-bb79-4837-9ecc-a55460c4d419}</UniqueIdentifier>
    </Filter>
    <Filter Include="Engine Code\Online">
      <UniqueIdentifier>{7a85f1ea-1a6c-4e4b-8540-d22db3879ef7}</UniqueIdentifier>
    </Filter>
    <Filter Include="Engine Code\Input">
      <UniqueIdentifier>{d6cd1617-f668-422f-bcf5-c56cdc8bfb1a}</UniqueIdentifier>
    </Filter>
    <Filter Include="Engine Code\Objects">
      <UniqueIdentifier>{33455f58-d1bb-4dba-ba00-5814208bb81a}</UniqueIdentifier>
    </Filter>
    <Filter Include="Engine Code\Rendering">
      <UniqueIdentifier>{7e42c7fe-3556-4407-924d-2325748a5b9d}</UniqueIdentifier>
    </Filter>
    <Filter Include="Engine Code\Rendering\Shaders">
      <UniqueIdentifier>{30acea8c-cd82-4b2b-854c-e43f82d08859}</UniqueIdentifier>
    </Filter>
    <Filter Include="Engine Code\Rendering\Shaders\HLSL">
      <UniqueIdentifier>{3306a5b3-32e6-4a03-8df7-4c4ce1d297ff}</UniqueIdentifier>
    </Filter>
    <Filter Include="Engine Code\Rendering\Shaders\HLSL\2D Color Shaders">
      <UniqueIdentifier>{19a201fa-c703-47e7-9c9b-3d50f2c467fc}</UniqueIdentifier>
    </Filter>
    <Filter Include="Engine Code\Rendering\Shaders\HLSL\2D Texture Shaders">
      <UniqueIdentifier>{575e5df5-4641-4a8a-87bc-3d117ae02f92}</UniqueIdentifier>
    </Filter>
    <Filter Include="Engine Code\Rendering\Shaders\HLSL\3D Shaders">
      <UniqueIdentifier>{d0f3676b-be52-40bc-9d37-63d6cbecee4d}</UniqueIdentifier>
    </Filter>
    <Filter Include="Engine Code\Rendering\Shaders\GL">
      <UniqueIdentifier>{adf4b71b-389a-4925-a355-b2fbdccd3122}</UniqueIdentifier>
    </Filter>
    <Filter Include="Engine Code\Rendering\Shaders\GL\Default 2D Color Shader">
      <UniqueIdentifier>{deec5d62-9d96-4b69-bd5b-c96eb064e3b5}</UniqueIdentifier>
    </Filter>
    <Filter Include="Engine Code\Rendering\Shaders\GL\3D Shaders">
      <UniqueIdentifier>{40252e01-0048-4b04-9217-f334114ec27f}</UniqueIdentifier>
    </Filter>
    <Filter Include="Engine Code\Resource Files">
      <UniqueIdentifier>{67DA6AB6-F800-4c08-8B7A-83BB121AAD01}</UniqueIdentifier>
      <Extensions>rc;ico;cur;bmp;dlg;rc2;rct;bin;rgs;gif;jpg;jpeg;jpe;resx;tiff;tif;png;wav;mfcribbon-ms</Extensions>
    </Filter>
    <Filter Include="Engine Code\Resource Files\Resources">
      <UniqueIdentifier>{7744d6c0-4117-445c-91c5-647fa36aa318}</UniqueIdentifier>
    </Filter>
    <Filter Include="Engine Code\Resource Files\Resources\Math">
      <UniqueIdentifier>{d0ebdbae-ca57-4544-a496-379c099c2b07}</UniqueIdentifier>
    </Filter>
    <Filter Include="Engine Code\Resource Files\Resources\Time">
      <UniqueIdentifier>{bf47795a-2e21-4d82-8a9e-0a62cef78c08}</UniqueIdentifier>
    </Filter>
    <Filter Include="Engine Code\Resource Files\Engine Info">
      <UniqueIdentifier>{59142712-548f-460a-97c4-e2ee7f6d59d3}</UniqueIdentifier>
    </Filter>
    <Filter Include="Engine Code\Testing">
      <UniqueIdentifier>{77919750-a16e-468e-b142-d21d99652646}</UniqueIdentifier>
    </Filter>
    <Filter Include="Engine Code\UI Resources">
      <UniqueIdentifier>{aaca3213-d039-4282-b310-b54f96706f1e}</UniqueIdentifier>
    </Filter>
    <Filter Include="Engine Code\UI Resources\UI">
      <UniqueIdentifier>{78dbeee2-0c9f-43d4-ae77-8d0aab961167}</UniqueIdentifier>
    </Filter>
    <Filter Include="Engine Code\3D">
      <UniqueIdentifier>{ea475c87-14be-42bc-b6c0-c812ae4b08c4}</UniqueIdentifier>
    </Filter>
    <Filter Include="Engine Code\UI Resources\UI Load">
      <UniqueIdentifier>{4d7d1228-e469-47c0-8719-4cfdee7a1ec4}</UniqueIdentifier>
    </Filter>
    <Filter Include="Game">
      <UniqueIdentifier>{a40e8044-2aa9-4026-b04b-dea340f6ebcb}</UniqueIdentifier>
    </Filter>
    <Filter Include="Game\Connections">
      <UniqueIdentifier>{8f43e37b-41b2-464f-98ba-8fe0b6ad3444}</UniqueIdentifier>
    </Filter>
    <Filter Include="Game\Startup Scripts">
      <UniqueIdentifier>{60eecd17-f7c4-4562-ac1f-395a2c90d2d0}</UniqueIdentifier>
    </Filter>
  </ItemGroup>
  <ItemGroup>
    <ClCompile Include="StartEngine.cpp">
      <Filter>Engine Code\Starting and Loading</Filter>
    </ClCompile>
    <ClCompile Include="Keyboard.cpp">
      <Filter>Engine Code\Input</Filter>
    </ClCompile>
    <ClCompile Include="Mouse.cpp">
      <Filter>Engine Code\Input</Filter>
    </ClCompile>
    <ClCompile Include="Graphics.cpp">
      <Filter>Engine Code\Rendering</Filter>
    </ClCompile>
    <ClCompile Include="Application.cpp">
      <Filter>Engine Code\Starting and Loading</Filter>
    </ClCompile>
    <ClCompile Include="TextRenderer.cpp">
      <Filter>Engine Code\UI Resources\UI Load</Filter>
    </ClCompile>
    <ClCompile Include="ShipwreckUI.cpp">
      <Filter>Engine Code\UI Resources\UI Load</Filter>
    </ClCompile>
    <ClCompile Include="WindowStruct.cpp">
      <Filter>Engine Code\UI Resources\UI Load</Filter>
    </ClCompile>
    <ClCompile Include="UITypes.cpp">
      <Filter>Engine Code\UI Resources\UI</Filter>
    </ClCompile>
    <ClCompile Include="Model.cpp">
      <Filter>Engine Code\3D</Filter>
    </ClCompile>
    <ClCompile Include="ModelImporter.cpp">
      <Filter>Engine Code\3D</Filter>
    </ClCompile>
    <ClCompile Include="FontCreation.cpp">
      <Filter>Engine Code\UI Resources\UI</Filter>
    </ClCompile>
    <ClCompile Include="testing.cpp">
      <Filter>Engine Code\Testing</Filter>
    </ClCompile>
    <ClCompile Include="Camera.cpp">
      <Filter>Engine Code\Objects</Filter>
    </ClCompile>
    <ClCompile Include="TimeManagement.cpp">
      <Filter>Engine Code\Resource Files\Resources\Time</Filter>
    </ClCompile>
    <ClCompile Include="Container.cpp">
      <Filter>Engine Code\Objects</Filter>
    </ClCompile>
    <ClCompile Include="Models.cpp">
      <Filter>Engine Code\Objects</Filter>
    </ClCompile>
    <ClCompile Include="Rigidbody.cpp">
      <Filter>Engine Code\Objects</Filter>
    </ClCompile>
    <ClCompile Include="Online.cpp">
      <Filter>Engine Code\Online</Filter>
    </ClCompile>
    <ClCompile Include="Console.cpp">
      <Filter>Engine Code\UI Resources\UI Load</Filter>
    </ClCompile>
    <ClCompile Include="..\Includes\glad\src\glad.c">
      <Filter>3rd party</Filter>
    </ClCompile>
    <ClCompile Include="Sprite.cpp">
      <Filter>Engine Code\Objects</Filter>
    </ClCompile>
    <ClCompile Include="Input.cpp">
      <Filter>Engine Code\Input</Filter>
    </ClCompile>
    <ClCompile Include="Sprites.cpp">
      <Filter>Engine Code\Objects</Filter>
    </ClCompile>
    <ClCompile Include="TextureMaps.cpp">
      <Filter>Engine Code\Rendering</Filter>
    </ClCompile>
    <ClCompile Include="FileManager.cpp">
      <Filter>Engine Code\Testing</Filter>
    </ClCompile>
    <ClCompile Include="ShipwreckEngine.cpp" />
    <ClCompile Include="MathExtras.cpp">
      <Filter>Engine Code\Resource Files\Resources\Math</Filter>
    </ClCompile>
    <ClCompile Include="GameGeneration.cpp">
      <Filter>Game</Filter>
    </ClCompile>
    <ClCompile Include="Player.cpp">
      <Filter>Game</Filter>
    </ClCompile>
    <ClCompile Include="Transform.cpp">
      <Filter>Engine Code\Objects</Filter>
    </ClCompile>
    <ClCompile Include="ConnectedPlayer.cpp">
      <Filter>Game\Connections</Filter>
    </ClCompile>
    <ClCompile Include="ConnectionHandler.cpp">
      <Filter>Game\Connections</Filter>
    </ClCompile>
    <ClCompile Include="StartupGame.cpp">
      <Filter>Game\Startup Scripts</Filter>
    </ClCompile>
    <ClCompile Include="GameScript.cpp">
      <Filter>Engine Code\Objects</Filter>
    </ClCompile>
  </ItemGroup>
  <ItemGroup>
    <ClInclude Include="StartEngine.h">
      <Filter>Engine Code\Starting and Loading</Filter>
    </ClInclude>
    <ClInclude Include="Keyboard.h">
      <Filter>Engine Code\Input</Filter>
    </ClInclude>
    <ClInclude Include="Mouse.h">
      <Filter>Engine Code\Input</Filter>
    </ClInclude>
    <ClInclude Include="Graphics.h">
      <Filter>Engine Code\Rendering</Filter>
    </ClInclude>
    <ClInclude Include="Application.h">
      <Filter>Engine Code\Starting and Loading</Filter>
    </ClInclude>
    <ClInclude Include="TextRenderer.h">
      <Filter>Engine Code\UI Resources\UI Load</Filter>
    </ClInclude>
    <ClInclude Include="ShipwreckUI.h">
      <Filter>Engine Code\UI Resources\UI Load</Filter>
    </ClInclude>
    <ClInclude Include="WindowStruct.h">
      <Filter>Engine Code\UI Resources\UI Load</Filter>
    </ClInclude>
    <ClInclude Include="UIElement.h">
      <Filter>Engine Code\UI Resources\UI Load</Filter>
    </ClInclude>
    <ClInclude Include="MathExtras.h">
      <Filter>Engine Code\Resource Files\Resources\Math</Filter>
    </ClInclude>
    <ClInclude Include="UITypes.h">
      <Filter>Engine Code\UI Resources\UI</Filter>
    </ClInclude>
    <ClInclude Include="Model.h">
      <Filter>Engine Code\3D</Filter>
    </ClInclude>
    <ClInclude Include="ModelImporter.h">
      <Filter>Engine Code\3D</Filter>
    </ClInclude>
    <ClInclude Include="FontCreation.h">
      <Filter>Engine Code\UI Resources\UI</Filter>
    </ClInclude>
    <ClInclude Include="testing.h">
      <Filter>Engine Code\Testing</Filter>
    </ClInclude>
    <ClInclude Include="Camera.h">
      <Filter>Engine Code\Objects</Filter>
    </ClInclude>
    <ClInclude Include="TimeManagement.h">
      <Filter>Engine Code\Resource Files\Resources\Time</Filter>
    </ClInclude>
    <ClInclude Include="resource.h">
      <Filter>Engine Code\Resource Files\Engine Info</Filter>
    </ClInclude>
    <ClInclude Include="Transform.h">
      <Filter>Engine Code\Objects</Filter>
    </ClInclude>
    <ClInclude Include="Container.h">
      <Filter>Engine Code\Objects</Filter>
    </ClInclude>
    <ClInclude Include="Models.h">
      <Filter>Engine Code\Objects</Filter>
    </ClInclude>
    <ClInclude Include="Rigidbody.h">
      <Filter>Engine Code\Objects</Filter>
    </ClInclude>
    <ClInclude Include="Online.h">
      <Filter>Engine Code\Online</Filter>
    </ClInclude>
    <ClInclude Include="Console.h">
      <Filter>Engine Code\UI Resources\UI Load</Filter>
    </ClInclude>
    <ClInclude Include="Sprite.h">
      <Filter>Engine Code\Objects</Filter>
    </ClInclude>
    <ClInclude Include="WindowsInclude.h">
      <Filter>Engine Code\Starting and Loading</Filter>
    </ClInclude>
    <ClInclude Include="Input.h">
      <Filter>Engine Code\Input</Filter>
    </ClInclude>
    <ClInclude Include="Sprites.h">
      <Filter>Engine Code\Objects</Filter>
    </ClInclude>
    <ClInclude Include="TextureMaps.h">
      <Filter>Engine Code\Rendering</Filter>
    </ClInclude>
    <ClInclude Include="FileManager.h">
      <Filter>Engine Code\Testing</Filter>
    </ClInclude>
    <ClInclude Include="ShipwreckEngine.h" />
    <ClInclude Include="Scripts.h">
      <Filter>Engine Code\Objects</Filter>
    </ClInclude>
    <ClInclude Include="GameGeneration.h">
      <Filter>Game</Filter>
    </ClInclude>
    <ClInclude Include="Player.h">
      <Filter>Game</Filter>
    </ClInclude>
    <ClInclude Include="ConnectedPlayer.h">
      <Filter>Game\Connections</Filter>
    </ClInclude>
    <ClInclude Include="ConnectionHandler.h">
      <Filter>Game\Connections</Filter>
    </ClInclude>
    <ClInclude Include="StartupGame.h">
      <Filter>Game\Startup Scripts</Filter>
    </ClInclude>
    <ClInclude Include="GameScript.h">
      <Filter>Engine Code\Objects</Filter>
    </ClInclude>
  </ItemGroup>
  <ItemGroup>
    <Image Include="icon1.ico">
      <Filter>Engine Code\Resource Files\Engine Info</Filter>
    </Image>
    <Image Include="icon2.ico">
      <Filter>Engine Code\Resource Files\Engine Info</Filter>
    </Image>
  </ItemGroup>
  <ItemGroup>
    <FxCompile Include="PixelShader3D.hlsl">
      <Filter>Engine Code\Rendering\Shaders\HLSL\3D Shaders</Filter>
    </FxCompile>
    <FxCompile Include="VertexShader3D.hlsl">
      <Filter>Engine Code\Rendering\Shaders\HLSL\3D Shaders</Filter>
    </FxCompile>
    <FxCompile Include="PixelShader.hlsl">
      <Filter>Engine Code\Rendering\Shaders\HLSL\2D Color Shaders</Filter>
    </FxCompile>
    <FxCompile Include="VertexShader.hlsl">
      <Filter>Engine Code\Rendering\Shaders\HLSL\2D Color Shaders</Filter>
    </FxCompile>
    <FxCompile Include="PixelShaderTexture.hlsl">
      <Filter>Engine Code\Rendering\Shaders\HLSL\2D Texture Shaders</Filter>
    </FxCompile>
    <FxCompile Include="VertexShaderTexture.hlsl">
      <Filter>Engine Code\Rendering\Shaders\HLSL\2D Texture Shaders</Filter>
    </FxCompile>
    <FxCompile Include="ColoredTexturedPS.hlsl">
      <Filter>Engine Code\Rendering\Shaders\HLSL\2D Texture Shaders</Filter>
    </FxCompile>
    <FxCompile Include="ColoredTexturedVS.hlsl">
      <Filter>Engine Code\Rendering\Shaders\HLSL\2D Texture Shaders</Filter>
    </FxCompile>
    <FxCompile Include="3DTexturedPS.hlsl">
      <Filter>Engine Code\Rendering\Shaders\HLSL\3D Shaders</Filter>
    </FxCompile>
    <FxCompile Include="3DTexturedVS.hlsl">
      <Filter>Engine Code\Rendering\Shaders\HLSL\3D Shaders</Filter>
    </FxCompile>
  </ItemGroup>
  <ItemGroup>
    <ResourceCompile Include="Shipwreck Engine 3D.rc">
      <Filter>Engine Code\Resource Files\Engine Info</Filter>
    </ResourceCompile>
  </ItemGroup>
  <ItemGroup>
    <None Include="GLPS.frag">
      <Filter>Engine Code\Rendering\Shaders\GL\Default 2D Color Shader</Filter>
    </None>
    <None Include="GLVS.vert">
      <Filter>Engine Code\Rendering\Shaders\GL\Default 2D Color Shader</Filter>
    </None>
    <None Include="3DGLShader.frag">
      <Filter>Engine Code\Rendering\Shaders\GL\3D Shaders</Filter>
    </None>
    <None Include="3DGLShader.vert">
      <Filter>Engine Code\Rendering\Shaders\GL\3D Shaders</Filter>
    </None>
  </ItemGroup>
  <ItemGroup>
    <Text Include="ToDo.txt" />
  </ItemGroup>
</Project>